
Microsoft Visual Studio Solution File, Format Version 12.00
# Visual Studio Version 17
VisualStudioVersion = 17.9.34728.123
MinimumVisualStudioVersion = 10.0.40219.1
Project("{9A19103F-16F7-4668-BE54-9A1E7A4F7556}") = "Ques_4", "Ques_4.csproj", "{5385AEA2-A616-4BC5-88C2-D85DF441B9A5}"
EndProject
Global
	GlobalSection(SolutionConfigurationPlatforms) = preSolution
		Debug|Any CPU = Debug|Any CPU
		Release|Any CPU = Release|Any CPU
	EndGlobalSection
	GlobalSection(ProjectConfigurationPlatforms) = postSolution
		{5385AEA2-A616-4BC5-88C2-D85DF441B9A5}.Debug|Any CPU.ActiveCfg = Debug|Any CPU
		{5385AEA2-A616-4BC5-88C2-D85DF441B9A5}.Debug|Any CPU.Build.0 = Debug|Any CPU
		{5385AEA2-A616-4BC5-88C2-D85DF441B9A5}.Release|Any CPU.ActiveCfg = Release|Any CPU
		{5385AEA2-A616-4BC5-88C2-D85DF441B9A5}.Release|Any CPU.Build.0 = Release|Any CPU
	EndGlobalSection
	GlobalSection(SolutionProperties) = preSolution
		HideSolutionNode = FALSE
	EndGlobalSection
	GlobalSection(ExtensibilityGlobals) = postSolution
		SolutionGuid = {74767266-8516-4094-ADB1-D2ADBA6DA8CD}
	EndGlobalSection
EndGlobal
