
Microsoft Visual Studio Solution File, Format Version 12.00
# Visual Studio Version 17
VisualStudioVersion = 17.9.34728.123
MinimumVisualStudioVersion = 10.0.40219.1
Project("{FAE04EC0-301F-11D3-BF4B-00C04F79EFBC}") = "Ques-1", "Ques-1\Ques-1.csproj", "{E5886ACE-0CC9-4FE6-A0F6-99C26628D7D7}"
EndProject
Project("{FAE04EC0-301F-11D3-BF4B-00C04F79EFBC}") = "Ques-2", "Ques-2\Ques-2.csproj", "{E41A67E9-B582-481B-A88E-06F62C1FFCC0}"
EndProject
Project("{FAE04EC0-301F-11D3-BF4B-00C04F79EFBC}") = "Ques-3", "Ques-3\Ques-3.csproj", "{A16A5A97-323D-41C5-B74D-407ECC038FB4}"
EndProject
Global
	GlobalSection(SolutionConfigurationPlatforms) = preSolution
		Debug|Any CPU = Debug|Any CPU
		Release|Any CPU = Release|Any CPU
	EndGlobalSection
	GlobalSection(ProjectConfigurationPlatforms) = postSolution
		{E5886ACE-0CC9-4FE6-A0F6-99C26628D7D7}.Debug|Any CPU.ActiveCfg = Debug|Any CPU
		{E5886ACE-0CC9-4FE6-A0F6-99C26628D7D7}.Debug|Any CPU.Build.0 = Debug|Any CPU
		{E5886ACE-0CC9-4FE6-A0F6-99C26628D7D7}.Release|Any CPU.ActiveCfg = Release|Any CPU
		{E5886ACE-0CC9-4FE6-A0F6-99C26628D7D7}.Release|Any CPU.Build.0 = Release|Any CPU
		{E41A67E9-B582-481B-A88E-06F62C1FFCC0}.Debug|Any CPU.ActiveCfg = Debug|Any CPU
		{E41A67E9-B582-481B-A88E-06F62C1FFCC0}.Debug|Any CPU.Build.0 = Debug|Any CPU
		{E41A67E9-B582-481B-A88E-06F62C1FFCC0}.Release|Any CPU.ActiveCfg = Release|Any CPU
		{E41A67E9-B582-481B-A88E-06F62C1FFCC0}.Release|Any CPU.Build.0 = Release|Any CPU
		{A16A5A97-323D-41C5-B74D-407ECC038FB4}.Debug|Any CPU.ActiveCfg = Debug|Any CPU
		{A16A5A97-323D-41C5-B74D-407ECC038FB4}.Debug|Any CPU.Build.0 = Debug|Any CPU
		{A16A5A97-323D-41C5-B74D-407ECC038FB4}.Release|Any CPU.ActiveCfg = Release|Any CPU
		{A16A5A97-323D-41C5-B74D-407ECC038FB4}.Release|Any CPU.Build.0 = Release|Any CPU
	EndGlobalSection
	GlobalSection(SolutionProperties) = preSolution
		HideSolutionNode = FALSE
	EndGlobalSection
	GlobalSection(ExtensibilityGlobals) = postSolution
		SolutionGuid = {DD22CA7D-B370-4D6D-BA1D-177E2B821ED5}
	EndGlobalSection
EndGlobal
